
Microsoft Visual Studio Solution File, Format Version 12.00
# Visual Studio 14
VisualStudioVersion = 14.0.24720.0
MinimumVisualStudioVersion = 10.0.40219.1
Project("{FAE04EC0-301F-11D3-BF4B-00C04F79EFBC}") = "ReflectionPortabilityAnalysis", "ReflectionPortabilityAnalysis.csproj", "{859990BC-6583-4E1A-8535-AD6CB80464DB}"
EndProject
Global
	GlobalSection(SolutionConfigurationPlatforms) = preSolution
		Debug|Any CPU = Debug|Any CPU
		Release|Any CPU = Release|Any CPU
	EndGlobalSection
	GlobalSection(ProjectConfigurationPlatforms) = postSolution
		{859990BC-6583-4E1A-8535-AD6CB80464DB}.Debug|Any CPU.ActiveCfg = Debug|Any CPU
		{859990BC-6583-4E1A-8535-AD6CB80464DB}.Debug|Any CPU.Build.0 = Debug|Any CPU
		{859990BC-6583-4E1A-8535-AD6CB80464DB}.Release|Any CPU.ActiveCfg = Release|Any CPU
		{859990BC-6583-4E1A-8535-AD6CB80464DB}.Release|Any CPU.Build.0 = Release|Any CPU
	EndGlobalSection
	GlobalSection(SolutionProperties) = preSolution
		HideSolutionNode = FALSE
	EndGlobalSection
EndGlobal
